// !$*UTF8*$!
{
	archiveVersion = 1;
	classes = {
	};
	objectVersion = 56;
	objects = {

/* Begin PBXBuildFile section */
		E65E28CB2D705B3E0043E296 /* SectionHeaderView.swift in Sources */ = {isa = PBXBuildFile; fileRef = E65E28CA2D705B3E0043E296 /* SectionHeaderView.swift */; };
		E65E28CD2D70A1540043E296 /* Localizable.xcstrings in Resources */ = {isa = PBXBuildFile; fileRef = E65E28CC2D70A1540043E296 /* Localizable.xcstrings */; };
		E65E28CF2D70A3850043E296 /* LocalizedString.swift in Sources */ = {isa = PBXBuildFile; fileRef = E65E28CE2D70A3850043E296 /* LocalizedString.swift */; };
		E65E28D22D70A4DA0043E296 /* String+Extensions.swift in Sources */ = {isa = PBXBuildFile; fileRef = E65E28D12D70A4DA0043E296 /* String+Extensions.swift */; };
		E65E28D42D70B4100043E296 /* ReminderView.swift in Sources */ = {isa = PBXBuildFile; fileRef = E65E28D32D70B4100043E296 /* ReminderView.swift */; };
		E65E28ED2D71C6970043E296 /* WeekCell.swift in Sources */ = {isa = PBXBuildFile; fileRef = E65E28EC2D71C6970043E296 /* WeekCell.swift */; };
		E65E28EF2D71C9250043E296 /* VerticalPageControl.swift in Sources */ = {isa = PBXBuildFile; fileRef = E65E28EE2D71C9250043E296 /* VerticalPageControl.swift */; };
		E65E28F12D736D250043E296 /* GeneralView.swift in Sources */ = {isa = PBXBuildFile; fileRef = E65E28F02D736D250043E296 /* GeneralView.swift */; };
		E65E28F32D736D420043E296 /* ByDayView.swift in Sources */ = {isa = PBXBuildFile; fileRef = E65E28F22D736D420043E296 /* ByDayView.swift */; };
		E65E28F52D736D610043E296 /* FrequentView.swift in Sources */ = {isa = PBXBuildFile; fileRef = E65E28F42D736D610043E296 /* FrequentView.swift */; };
		E65E28F72D736D720043E296 /* MoodInDayView.swift in Sources */ = {isa = PBXBuildFile; fileRef = E65E28F62D736D720043E296 /* MoodInDayView.swift */; };
		E6B85E102D68518E00B453BA /* AppDelegate.swift in Sources */ = {isa = PBXBuildFile; fileRef = E6B85E0F2D68518E00B453BA /* AppDelegate.swift */; };
		E6B85E122D68518E00B453BA /* SceneDelegate.swift in Sources */ = {isa = PBXBuildFile; fileRef = E6B85E112D68518E00B453BA /* SceneDelegate.swift */; };
		E6B85E192D68518F00B453BA /* Assets.xcassets in Resources */ = {isa = PBXBuildFile; fileRef = E6B85E182D68518F00B453BA /* Assets.xcassets */; };
		E6B85E1C2D68518F00B453BA /* Base in Resources */ = {isa = PBXBuildFile; fileRef = E6B85E1B2D68518F00B453BA /* Base */; };
		E6B85E252D68557F00B453BA /* WelcomeCoordinator.swift in Sources */ = {isa = PBXBuildFile; fileRef = E6B85E242D68557F00B453BA /* WelcomeCoordinator.swift */; };
		E6B85E282D6855E100B453BA /* BaseCoordinator.swift in Sources */ = {isa = PBXBuildFile; fileRef = E6B85E272D6855E100B453BA /* BaseCoordinator.swift */; };
		E6B85E2A2D6855FA00B453BA /* AppCoordinator.swift in Sources */ = {isa = PBXBuildFile; fileRef = E6B85E292D6855FA00B453BA /* AppCoordinator.swift */; };
		E6B85E332D68586700B453BA /* JournalCoordinator.swift in Sources */ = {isa = PBXBuildFile; fileRef = E6B85E322D68586700B453BA /* JournalCoordinator.swift */; };
		E6B85E352D6858D100B453BA /* WelcomeViewController.swift in Sources */ = {isa = PBXBuildFile; fileRef = E6B85E342D6858D100B453BA /* WelcomeViewController.swift */; };
		E6B85E372D6858DD00B453BA /* WelcomeViewModel.swift in Sources */ = {isa = PBXBuildFile; fileRef = E6B85E362D6858DD00B453BA /* WelcomeViewModel.swift */; };
		E6B85E392D6858E800B453BA /* JournalViewController.swift in Sources */ = {isa = PBXBuildFile; fileRef = E6B85E382D6858E800B453BA /* JournalViewController.swift */; };
		E6B85E3B2D6858F300B453BA /* JournalViewModel.swift in Sources */ = {isa = PBXBuildFile; fileRef = E6B85E3A2D6858F300B453BA /* JournalViewModel.swift */; };
		E6B85E452D685F6E00B453BA /* AnimatedGradientView.swift in Sources */ = {isa = PBXBuildFile; fileRef = E6B85E442D685F6E00B453BA /* AnimatedGradientView.swift */; };
		E6B85E662D6862A300B453BA /* SnapKit in Frameworks */ = {isa = PBXBuildFile; productRef = E6B85E652D6862A300B453BA /* SnapKit */; };
		E6B85E752D68641B00B453BA /* GwenText-Trial-Book.otf in Resources */ = {isa = PBXBuildFile; fileRef = E6B85E672D68641A00B453BA /* GwenText-Trial-Book.otf */; };
		E6B85E762D68641B00B453BA /* Gwen-Trial-Light.otf in Resources */ = {isa = PBXBuildFile; fileRef = E6B85E682D68641A00B453BA /* Gwen-Trial-Light.otf */; };
		E6B85E772D68641B00B453BA /* GwenText-Trial-Black.otf in Resources */ = {isa = PBXBuildFile; fileRef = E6B85E692D68641A00B453BA /* GwenText-Trial-Black.otf */; };
		E6B85E782D68641B00B453BA /* Gwen-Trial-Black.otf in Resources */ = {isa = PBXBuildFile; fileRef = E6B85E6A2D68641A00B453BA /* Gwen-Trial-Black.otf */; };
		E6B85E792D68641B00B453BA /* Gwen-Trial-Bold.otf in Resources */ = {isa = PBXBuildFile; fileRef = E6B85E6B2D68641B00B453BA /* Gwen-Trial-Bold.otf */; };
		E6B85E7A2D68641B00B453BA /* GwenText-Trial-Light.otf in Resources */ = {isa = PBXBuildFile; fileRef = E6B85E6C2D68641B00B453BA /* GwenText-Trial-Light.otf */; };
		E6B85E7B2D68641B00B453BA /* Gwen-Trial-ExtraBold.otf in Resources */ = {isa = PBXBuildFile; fileRef = E6B85E6D2D68641B00B453BA /* Gwen-Trial-ExtraBold.otf */; };
		E6B85E7C2D68641B00B453BA /* GwenText-Trial-SemiBold.otf in Resources */ = {isa = PBXBuildFile; fileRef = E6B85E6E2D68641B00B453BA /* GwenText-Trial-SemiBold.otf */; };
		E6B85E7D2D68641B00B453BA /* Gwen-Trial-SemiBold.otf in Resources */ = {isa = PBXBuildFile; fileRef = E6B85E6F2D68641B00B453BA /* Gwen-Trial-SemiBold.otf */; };
		E6B85E7E2D68641B00B453BA /* GwenText-Trial-ExtraBold.otf in Resources */ = {isa = PBXBuildFile; fileRef = E6B85E702D68641B00B453BA /* GwenText-Trial-ExtraBold.otf */; };
		E6B85E7F2D68641B00B453BA /* Gwen-Trial-Book.otf in Resources */ = {isa = PBXBuildFile; fileRef = E6B85E712D68641B00B453BA /* Gwen-Trial-Book.otf */; };
		E6B85E802D68641B00B453BA /* GwenText-Trial-Bold.otf in Resources */ = {isa = PBXBuildFile; fileRef = E6B85E722D68641B00B453BA /* GwenText-Trial-Bold.otf */; };
		E6B85E812D68641B00B453BA /* GwenText-Trial-Regular.otf in Resources */ = {isa = PBXBuildFile; fileRef = E6B85E732D68641B00B453BA /* GwenText-Trial-Regular.otf */; };
		E6B85E822D68641B00B453BA /* Gwen-Trial-Regular.otf in Resources */ = {isa = PBXBuildFile; fileRef = E6B85E742D68641B00B453BA /* Gwen-Trial-Regular.otf */; };
		E6B85E842D68985C00B453BA /* LoginAppleIdButton.swift in Sources */ = {isa = PBXBuildFile; fileRef = E6B85E832D68985C00B453BA /* LoginAppleIdButton.swift */; };
		E6B85EA82D6899AE00B453BA /* VelaSans-Bold.otf in Resources */ = {isa = PBXBuildFile; fileRef = E6B85E852D6899AE00B453BA /* VelaSans-Bold.otf */; };
		E6B85EA92D6899AE00B453BA /* VelaSans-ExtraBold.otf in Resources */ = {isa = PBXBuildFile; fileRef = E6B85E862D6899AE00B453BA /* VelaSans-ExtraBold.otf */; };
		E6B85EAA2D6899AE00B453BA /* VelaSans-ExtraLight.otf in Resources */ = {isa = PBXBuildFile; fileRef = E6B85E872D6899AE00B453BA /* VelaSans-ExtraLight.otf */; };
		E6B85EAB2D6899AE00B453BA /* VelaSans-Light.otf in Resources */ = {isa = PBXBuildFile; fileRef = E6B85E882D6899AE00B453BA /* VelaSans-Light.otf */; };
		E6B85EAC2D6899AE00B453BA /* VelaSans-Medium.otf in Resources */ = {isa = PBXBuildFile; fileRef = E6B85E892D6899AE00B453BA /* VelaSans-Medium.otf */; };
		E6B85EAD2D6899AE00B453BA /* VelaSans-Regular.otf in Resources */ = {isa = PBXBuildFile; fileRef = E6B85E8A2D6899AE00B453BA /* VelaSans-Regular.otf */; };
		E6B85EAE2D6899AE00B453BA /* VelaSans-SemiBold.otf in Resources */ = {isa = PBXBuildFile; fileRef = E6B85E8B2D6899AE00B453BA /* VelaSans-SemiBold.otf */; };
		E6B85EAF2D6899AE00B453BA /* VelaSans-Bold.ttf in Resources */ = {isa = PBXBuildFile; fileRef = E6B85E8D2D6899AE00B453BA /* VelaSans-Bold.ttf */; };
		E6B85EB02D6899AE00B453BA /* VelaSans-ExtraBold.ttf in Resources */ = {isa = PBXBuildFile; fileRef = E6B85E8E2D6899AE00B453BA /* VelaSans-ExtraBold.ttf */; };
		E6B85EB12D6899AE00B453BA /* VelaSans-ExtraLight.ttf in Resources */ = {isa = PBXBuildFile; fileRef = E6B85E8F2D6899AE00B453BA /* VelaSans-ExtraLight.ttf */; };
		E6B85EB22D6899AE00B453BA /* VelaSans-Light.ttf in Resources */ = {isa = PBXBuildFile; fileRef = E6B85E902D6899AE00B453BA /* VelaSans-Light.ttf */; };
		E6B85EB32D6899AE00B453BA /* VelaSans-Medium.ttf in Resources */ = {isa = PBXBuildFile; fileRef = E6B85E912D6899AE00B453BA /* VelaSans-Medium.ttf */; };
		E6B85EB42D6899AE00B453BA /* VelaSans-Regular.ttf in Resources */ = {isa = PBXBuildFile; fileRef = E6B85E922D6899AE00B453BA /* VelaSans-Regular.ttf */; };
		E6B85EB52D6899AE00B453BA /* VelaSans-SemiBold.ttf in Resources */ = {isa = PBXBuildFile; fileRef = E6B85E932D6899AE00B453BA /* VelaSans-SemiBold.ttf */; };
		E6B85EB62D6899AE00B453BA /* VelaSans-Bold.woff in Resources */ = {isa = PBXBuildFile; fileRef = E6B85E952D6899AE00B453BA /* VelaSans-Bold.woff */; };
		E6B85EB72D6899AE00B453BA /* VelaSans-Bold.woff2 in Resources */ = {isa = PBXBuildFile; fileRef = E6B85E962D6899AE00B453BA /* VelaSans-Bold.woff2 */; };
		E6B85EB82D6899AE00B453BA /* VelaSans-ExtraBold.woff in Resources */ = {isa = PBXBuildFile; fileRef = E6B85E972D6899AE00B453BA /* VelaSans-ExtraBold.woff */; };
		E6B85EB92D6899AE00B453BA /* VelaSans-ExtraBold.woff2 in Resources */ = {isa = PBXBuildFile; fileRef = E6B85E982D6899AE00B453BA /* VelaSans-ExtraBold.woff2 */; };
		E6B85EBA2D6899AE00B453BA /* VelaSans-ExtraLight.woff in Resources */ = {isa = PBXBuildFile; fileRef = E6B85E992D6899AE00B453BA /* VelaSans-ExtraLight.woff */; };
		E6B85EBB2D6899AE00B453BA /* VelaSans-ExtraLight.woff2 in Resources */ = {isa = PBXBuildFile; fileRef = E6B85E9A2D6899AE00B453BA /* VelaSans-ExtraLight.woff2 */; };
		E6B85EBC2D6899AE00B453BA /* VelaSans-Light.woff in Resources */ = {isa = PBXBuildFile; fileRef = E6B85E9B2D6899AE00B453BA /* VelaSans-Light.woff */; };
		E6B85EBD2D6899AE00B453BA /* VelaSans-Light.woff2 in Resources */ = {isa = PBXBuildFile; fileRef = E6B85E9C2D6899AE00B453BA /* VelaSans-Light.woff2 */; };
		E6B85EBE2D6899AE00B453BA /* VelaSans-Medium.woff in Resources */ = {isa = PBXBuildFile; fileRef = E6B85E9D2D6899AE00B453BA /* VelaSans-Medium.woff */; };
		E6B85EBF2D6899AE00B453BA /* VelaSans-Medium.woff2 in Resources */ = {isa = PBXBuildFile; fileRef = E6B85E9E2D6899AE00B453BA /* VelaSans-Medium.woff2 */; };
		E6B85EC02D6899AE00B453BA /* VelaSans-Regular.woff in Resources */ = {isa = PBXBuildFile; fileRef = E6B85E9F2D6899AE00B453BA /* VelaSans-Regular.woff */; };
		E6B85EC12D6899AE00B453BA /* VelaSans-Regular.woff2 in Resources */ = {isa = PBXBuildFile; fileRef = E6B85EA02D6899AE00B453BA /* VelaSans-Regular.woff2 */; };
		E6B85EC22D6899AE00B453BA /* VelaSans-SemiBold.woff in Resources */ = {isa = PBXBuildFile; fileRef = E6B85EA12D6899AE00B453BA /* VelaSans-SemiBold.woff */; };
		E6B85EC32D6899AE00B453BA /* VelaSans-SemiBold.woff2 in Resources */ = {isa = PBXBuildFile; fileRef = E6B85EA22D6899AE00B453BA /* VelaSans-SemiBold.woff2 */; };
		E6B85EC42D6899AE00B453BA /* VelaSans-GX.ttf in Resources */ = {isa = PBXBuildFile; fileRef = E6B85EA52D6899AE00B453BA /* VelaSans-GX.ttf */; };
		E6B85EC82D68FA1A00B453BA /* CircularProgressView.swift in Sources */ = {isa = PBXBuildFile; fileRef = E6B85EC72D68FA1A00B453BA /* CircularProgressView.swift */; };
		E6B85ECA2D6A044A00B453BA /* MoodCardView.swift in Sources */ = {isa = PBXBuildFile; fileRef = E6B85EC92D6A044A00B453BA /* MoodCardView.swift */; };
		E6B85ED12D6A327400B453BA /* MainCoordinator.swift in Sources */ = {isa = PBXBuildFile; fileRef = E6B85ED02D6A327400B453BA /* MainCoordinator.swift */; };
		E6B85ED32D6A32C000B453BA /* AddNoteCoordinator.swift in Sources */ = {isa = PBXBuildFile; fileRef = E6B85ED22D6A32C000B453BA /* AddNoteCoordinator.swift */; };
		E6B85ED52D6A32DB00B453BA /* StatisticsCoordinator.swift in Sources */ = {isa = PBXBuildFile; fileRef = E6B85ED42D6A32DB00B453BA /* StatisticsCoordinator.swift */; };
		E6B85ED72D6A32ED00B453BA /* OptionsCoordinator.swift in Sources */ = {isa = PBXBuildFile; fileRef = E6B85ED62D6A32ED00B453BA /* OptionsCoordinator.swift */; };
		E6B85ED92D6A330F00B453BA /* OptionsViewController.swift in Sources */ = {isa = PBXBuildFile; fileRef = E6B85ED82D6A330F00B453BA /* OptionsViewController.swift */; };
		E6B85EDB2D6A331800B453BA /* OptionsViewModel.swift in Sources */ = {isa = PBXBuildFile; fileRef = E6B85EDA2D6A331800B453BA /* OptionsViewModel.swift */; };
		E6B85EDD2D6A332C00B453BA /* StatisticsViewController.swift in Sources */ = {isa = PBXBuildFile; fileRef = E6B85EDC2D6A332C00B453BA /* StatisticsViewController.swift */; };
		E6B85EDF2D6A333200B453BA /* StatisticsViewModel.swift in Sources */ = {isa = PBXBuildFile; fileRef = E6B85EDE2D6A333200B453BA /* StatisticsViewModel.swift */; };
		E6B85EE12D6A336000B453BA /* AddNoteViewController.swift in Sources */ = {isa = PBXBuildFile; fileRef = E6B85EE02D6A336000B453BA /* AddNoteViewController.swift */; };
		E6B85EE32D6A336B00B453BA /* AddNoteViewModel.swift in Sources */ = {isa = PBXBuildFile; fileRef = E6B85EE22D6A336B00B453BA /* AddNoteViewModel.swift */; };
		E6B85EE52D6A337B00B453BA /* EmotionSelectionViewController.swift in Sources */ = {isa = PBXBuildFile; fileRef = E6B85EE42D6A337B00B453BA /* EmotionSelectionViewController.swift */; };
		E6B85EE72D6A338000B453BA /* EmotionSelectionViewModel.swift in Sources */ = {isa = PBXBuildFile; fileRef = E6B85EE62D6A338000B453BA /* EmotionSelectionViewModel.swift */; };
		E6B85EE92D6B21D100B453BA /* EmotionSelectionCoordinator.swift in Sources */ = {isa = PBXBuildFile; fileRef = E6B85EE82D6B21D100B453BA /* EmotionSelectionCoordinator.swift */; };
		E6B85EEB2D6C460400B453BA /* EmotionSelectionView.swift in Sources */ = {isa = PBXBuildFile; fileRef = E6B85EEA2D6C460400B453BA /* EmotionSelectionView.swift */; };
		E6B85F3A2D6D944300B453BA /* CustomLargeButton.swift in Sources */ = {isa = PBXBuildFile; fileRef = E6B85F392D6D944300B453BA /* CustomLargeButton.swift */; };
		E6B85F3E2D6E28D700B453BA /* TagCell.swift in Sources */ = {isa = PBXBuildFile; fileRef = E6B85F3D2D6E28D700B453BA /* TagCell.swift */; };
		E6B85F402D6E290900B453BA /* AddTagCell.swift in Sources */ = {isa = PBXBuildFile; fileRef = E6B85F3F2D6E290900B453BA /* AddTagCell.swift */; };
		E6B85F422D6E390200B453BA /* LeftAlignedFlowLayout.swift in Sources */ = {isa = PBXBuildFile; fileRef = E6B85F412D6E390200B453BA /* LeftAlignedFlowLayout.swift */; };
		E6EC26F52D74A2FD00D9900F /* WeekStatistics.swift in Sources */ = {isa = PBXBuildFile; fileRef = E6EC26F42D74A2FD00D9900F /* WeekStatistics.swift */; };
		E6EC26F72D74A32300D9900F /* Note.swift in Sources */ = {isa = PBXBuildFile; fileRef = E6EC26F62D74A32300D9900F /* Note.swift */; };
		E6EC26FA2D74A77900D9900F /* EmotionCirclesView.swift in Sources */ = {isa = PBXBuildFile; fileRef = E6EC26F92D74A77900D9900F /* EmotionCirclesView.swift */; };
		E6EC26FF2D74BCF500D9900F /* EmotionFrequency.swift in Sources */ = {isa = PBXBuildFile; fileRef = E6EC26FE2D74BCF500D9900F /* EmotionFrequency.swift */; };
		E6EC27012D757E4500D9900F /* MoodEntry.swift in Sources */ = {isa = PBXBuildFile; fileRef = E6EC27002D757E4500D9900F /* MoodEntry.swift */; };
		E6EC27192D770FC100D9900F /* Section.swift in Sources */ = {isa = PBXBuildFile; fileRef = E6EC27182D770FC100D9900F /* Section.swift */; };
		E6EC27542D77A07B00D9900F /* MyWaveUITests.swift in Sources */ = {isa = PBXBuildFile; fileRef = E6EC27532D77A07B00D9900F /* MyWaveUITests.swift */; };
		E6EC27562D77A07B00D9900F /* MyWaveUITestsLaunchTests.swift in Sources */ = {isa = PBXBuildFile; fileRef = E6EC27552D77A07B00D9900F /* MyWaveUITestsLaunchTests.swift */; };
		E6EC275D2D77A0A400D9900F /* WelcomeScreenUITest.swift in Sources */ = {isa = PBXBuildFile; fileRef = E6EC275C2D77A0A400D9900F /* WelcomeScreenUITest.swift */; };
/* End PBXBuildFile section */

/* Begin PBXContainerItemProxy section */
		E6EC27572D77A07B00D9900F /* PBXContainerItemProxy */ = {
			isa = PBXContainerItemProxy;
			containerPortal = E6B85E042D68518D00B453BA /* Project object */;
			proxyType = 1;
			remoteGlobalIDString = E6B85E0B2D68518E00B453BA;
			remoteInfo = MyWave;
		};
/* End PBXContainerItemProxy section */

/* Begin PBXFileReference section */
		E65E28CA2D705B3E0043E296 /* SectionHeaderView.swift */ = {isa = PBXFileReference; lastKnownFileType = sourcecode.swift; path = SectionHeaderView.swift; sourceTree = "<group>"; };
		E65E28CC2D70A1540043E296 /* Localizable.xcstrings */ = {isa = PBXFileReference; lastKnownFileType = text.json.xcstrings; path = Localizable.xcstrings; sourceTree = "<group>"; };
		E65E28CE2D70A3850043E296 /* LocalizedString.swift */ = {isa = PBXFileReference; lastKnownFileType = sourcecode.swift; path = LocalizedString.swift; sourceTree = "<group>"; };
		E65E28D12D70A4DA0043E296 /* String+Extensions.swift */ = {isa = PBXFileReference; lastKnownFileType = sourcecode.swift; path = "String+Extensions.swift"; sourceTree = "<group>"; };
		E65E28D32D70B4100043E296 /* ReminderView.swift */ = {isa = PBXFileReference; lastKnownFileType = sourcecode.swift; path = ReminderView.swift; sourceTree = "<group>"; };
		E65E28EC2D71C6970043E296 /* WeekCell.swift */ = {isa = PBXFileReference; lastKnownFileType = sourcecode.swift; path = WeekCell.swift; sourceTree = "<group>"; };
		E65E28EE2D71C9250043E296 /* VerticalPageControl.swift */ = {isa = PBXFileReference; lastKnownFileType = sourcecode.swift; path = VerticalPageControl.swift; sourceTree = "<group>"; };
		E65E28F02D736D250043E296 /* GeneralView.swift */ = {isa = PBXFileReference; lastKnownFileType = sourcecode.swift; path = GeneralView.swift; sourceTree = "<group>"; };
		E65E28F22D736D420043E296 /* ByDayView.swift */ = {isa = PBXFileReference; lastKnownFileType = sourcecode.swift; path = ByDayView.swift; sourceTree = "<group>"; };
		E65E28F42D736D610043E296 /* FrequentView.swift */ = {isa = PBXFileReference; lastKnownFileType = sourcecode.swift; path = FrequentView.swift; sourceTree = "<group>"; };
		E65E28F62D736D720043E296 /* MoodInDayView.swift */ = {isa = PBXFileReference; lastKnownFileType = sourcecode.swift; path = MoodInDayView.swift; sourceTree = "<group>"; };
		E6B85E0C2D68518E00B453BA /* MyWave.app */ = {isa = PBXFileReference; explicitFileType = wrapper.application; includeInIndex = 0; path = MyWave.app; sourceTree = BUILT_PRODUCTS_DIR; };
		E6B85E0F2D68518E00B453BA /* AppDelegate.swift */ = {isa = PBXFileReference; lastKnownFileType = sourcecode.swift; path = AppDelegate.swift; sourceTree = "<group>"; };
		E6B85E112D68518E00B453BA /* SceneDelegate.swift */ = {isa = PBXFileReference; lastKnownFileType = sourcecode.swift; path = SceneDelegate.swift; sourceTree = "<group>"; };
		E6B85E182D68518F00B453BA /* Assets.xcassets */ = {isa = PBXFileReference; lastKnownFileType = folder.assetcatalog; path = Assets.xcassets; sourceTree = "<group>"; };
		E6B85E1B2D68518F00B453BA /* Base */ = {isa = PBXFileReference; lastKnownFileType = file.storyboard; name = Base; path = Base.lproj/LaunchScreen.storyboard; sourceTree = "<group>"; };
		E6B85E1D2D68518F00B453BA /* Info.plist */ = {isa = PBXFileReference; lastKnownFileType = text.plist.xml; path = Info.plist; sourceTree = "<group>"; };
		E6B85E242D68557F00B453BA /* WelcomeCoordinator.swift */ = {isa = PBXFileReference; lastKnownFileType = sourcecode.swift; path = WelcomeCoordinator.swift; sourceTree = "<group>"; };
		E6B85E272D6855E100B453BA /* BaseCoordinator.swift */ = {isa = PBXFileReference; lastKnownFileType = sourcecode.swift; path = BaseCoordinator.swift; sourceTree = "<group>"; };
		E6B85E292D6855FA00B453BA /* AppCoordinator.swift */ = {isa = PBXFileReference; lastKnownFileType = sourcecode.swift; path = AppCoordinator.swift; sourceTree = "<group>"; };
		E6B85E322D68586700B453BA /* JournalCoordinator.swift */ = {isa = PBXFileReference; lastKnownFileType = sourcecode.swift; path = JournalCoordinator.swift; sourceTree = "<group>"; };
		E6B85E342D6858D100B453BA /* WelcomeViewController.swift */ = {isa = PBXFileReference; lastKnownFileType = sourcecode.swift; path = WelcomeViewController.swift; sourceTree = "<group>"; };
		E6B85E362D6858DD00B453BA /* WelcomeViewModel.swift */ = {isa = PBXFileReference; lastKnownFileType = sourcecode.swift; path = WelcomeViewModel.swift; sourceTree = "<group>"; };
		E6B85E382D6858E800B453BA /* JournalViewController.swift */ = {isa = PBXFileReference; lastKnownFileType = sourcecode.swift; path = JournalViewController.swift; sourceTree = "<group>"; };
		E6B85E3A2D6858F300B453BA /* JournalViewModel.swift */ = {isa = PBXFileReference; lastKnownFileType = sourcecode.swift; path = JournalViewModel.swift; sourceTree = "<group>"; };
		E6B85E442D685F6E00B453BA /* AnimatedGradientView.swift */ = {isa = PBXFileReference; lastKnownFileType = sourcecode.swift; path = AnimatedGradientView.swift; sourceTree = "<group>"; };
		E6B85E672D68641A00B453BA /* GwenText-Trial-Book.otf */ = {isa = PBXFileReference; lastKnownFileType = file; name = "GwenText-Trial-Book.otf"; path = "../../../../../Downloads/gwen-trial/GwenText-Trial-Book.otf"; sourceTree = "<group>"; };
		E6B85E682D68641A00B453BA /* Gwen-Trial-Light.otf */ = {isa = PBXFileReference; lastKnownFileType = file; name = "Gwen-Trial-Light.otf"; path = "../../../../../Downloads/gwen-trial/Gwen-Trial-Light.otf"; sourceTree = "<group>"; };
		E6B85E692D68641A00B453BA /* GwenText-Trial-Black.otf */ = {isa = PBXFileReference; lastKnownFileType = file; name = "GwenText-Trial-Black.otf"; path = "../../../../../Downloads/gwen-trial/GwenText-Trial-Black.otf"; sourceTree = "<group>"; };
		E6B85E6A2D68641A00B453BA /* Gwen-Trial-Black.otf */ = {isa = PBXFileReference; lastKnownFileType = file; name = "Gwen-Trial-Black.otf"; path = "../../../../../Downloads/gwen-trial/Gwen-Trial-Black.otf"; sourceTree = "<group>"; };
		E6B85E6B2D68641B00B453BA /* Gwen-Trial-Bold.otf */ = {isa = PBXFileReference; lastKnownFileType = file; name = "Gwen-Trial-Bold.otf"; path = "../../../../../Downloads/gwen-trial/Gwen-Trial-Bold.otf"; sourceTree = "<group>"; };
		E6B85E6C2D68641B00B453BA /* GwenText-Trial-Light.otf */ = {isa = PBXFileReference; lastKnownFileType = file; name = "GwenText-Trial-Light.otf"; path = "../../../../../Downloads/gwen-trial/GwenText-Trial-Light.otf"; sourceTree = "<group>"; };
		E6B85E6D2D68641B00B453BA /* Gwen-Trial-ExtraBold.otf */ = {isa = PBXFileReference; lastKnownFileType = file; name = "Gwen-Trial-ExtraBold.otf"; path = "../../../../../Downloads/gwen-trial/Gwen-Trial-ExtraBold.otf"; sourceTree = "<group>"; };
		E6B85E6E2D68641B00B453BA /* GwenText-Trial-SemiBold.otf */ = {isa = PBXFileReference; lastKnownFileType = file; name = "GwenText-Trial-SemiBold.otf"; path = "../../../../../Downloads/gwen-trial/GwenText-Trial-SemiBold.otf"; sourceTree = "<group>"; };
		E6B85E6F2D68641B00B453BA /* Gwen-Trial-SemiBold.otf */ = {isa = PBXFileReference; lastKnownFileType = file; name = "Gwen-Trial-SemiBold.otf"; path = "../../../../../Downloads/gwen-trial/Gwen-Trial-SemiBold.otf"; sourceTree = "<group>"; };
		E6B85E702D68641B00B453BA /* GwenText-Trial-ExtraBold.otf */ = {isa = PBXFileReference; lastKnownFileType = file; name = "GwenText-Trial-ExtraBold.otf"; path = "../../../../../Downloads/gwen-trial/GwenText-Trial-ExtraBold.otf"; sourceTree = "<group>"; };
		E6B85E712D68641B00B453BA /* Gwen-Trial-Book.otf */ = {isa = PBXFileReference; lastKnownFileType = file; name = "Gwen-Trial-Book.otf"; path = "../../../../../Downloads/gwen-trial/Gwen-Trial-Book.otf"; sourceTree = "<group>"; };
		E6B85E722D68641B00B453BA /* GwenText-Trial-Bold.otf */ = {isa = PBXFileReference; lastKnownFileType = file; name = "GwenText-Trial-Bold.otf"; path = "../../../../../Downloads/gwen-trial/GwenText-Trial-Bold.otf"; sourceTree = "<group>"; };
		E6B85E732D68641B00B453BA /* GwenText-Trial-Regular.otf */ = {isa = PBXFileReference; lastKnownFileType = file; name = "GwenText-Trial-Regular.otf"; path = "../../../../../Downloads/gwen-trial/GwenText-Trial-Regular.otf"; sourceTree = "<group>"; };
		E6B85E742D68641B00B453BA /* Gwen-Trial-Regular.otf */ = {isa = PBXFileReference; lastKnownFileType = file; name = "Gwen-Trial-Regular.otf"; path = "../../../../../Downloads/gwen-trial/Gwen-Trial-Regular.otf"; sourceTree = "<group>"; };
		E6B85E832D68985C00B453BA /* LoginAppleIdButton.swift */ = {isa = PBXFileReference; lastKnownFileType = sourcecode.swift; path = LoginAppleIdButton.swift; sourceTree = "<group>"; };
		E6B85E852D6899AE00B453BA /* VelaSans-Bold.otf */ = {isa = PBXFileReference; lastKnownFileType = file; path = "VelaSans-Bold.otf"; sourceTree = "<group>"; };
		E6B85E862D6899AE00B453BA /* VelaSans-ExtraBold.otf */ = {isa = PBXFileReference; lastKnownFileType = file; path = "VelaSans-ExtraBold.otf"; sourceTree = "<group>"; };
		E6B85E872D6899AE00B453BA /* VelaSans-ExtraLight.otf */ = {isa = PBXFileReference; lastKnownFileType = file; path = "VelaSans-ExtraLight.otf"; sourceTree = "<group>"; };
		E6B85E882D6899AE00B453BA /* VelaSans-Light.otf */ = {isa = PBXFileReference; lastKnownFileType = file; path = "VelaSans-Light.otf"; sourceTree = "<group>"; };
		E6B85E892D6899AE00B453BA /* VelaSans-Medium.otf */ = {isa = PBXFileReference; lastKnownFileType = file; path = "VelaSans-Medium.otf"; sourceTree = "<group>"; };
		E6B85E8A2D6899AE00B453BA /* VelaSans-Regular.otf */ = {isa = PBXFileReference; lastKnownFileType = file; path = "VelaSans-Regular.otf"; sourceTree = "<group>"; };
		E6B85E8B2D6899AE00B453BA /* VelaSans-SemiBold.otf */ = {isa = PBXFileReference; lastKnownFileType = file; path = "VelaSans-SemiBold.otf"; sourceTree = "<group>"; };
		E6B85E8D2D6899AE00B453BA /* VelaSans-Bold.ttf */ = {isa = PBXFileReference; lastKnownFileType = file; path = "VelaSans-Bold.ttf"; sourceTree = "<group>"; };
		E6B85E8E2D6899AE00B453BA /* VelaSans-ExtraBold.ttf */ = {isa = PBXFileReference; lastKnownFileType = file; path = "VelaSans-ExtraBold.ttf"; sourceTree = "<group>"; };
		E6B85E8F2D6899AE00B453BA /* VelaSans-ExtraLight.ttf */ = {isa = PBXFileReference; lastKnownFileType = file; path = "VelaSans-ExtraLight.ttf"; sourceTree = "<group>"; };
		E6B85E902D6899AE00B453BA /* VelaSans-Light.ttf */ = {isa = PBXFileReference; lastKnownFileType = file; path = "VelaSans-Light.ttf"; sourceTree = "<group>"; };
		E6B85E912D6899AE00B453BA /* VelaSans-Medium.ttf */ = {isa = PBXFileReference; lastKnownFileType = file; path = "VelaSans-Medium.ttf"; sourceTree = "<group>"; };
		E6B85E922D6899AE00B453BA /* VelaSans-Regular.ttf */ = {isa = PBXFileReference; lastKnownFileType = file; path = "VelaSans-Regular.ttf"; sourceTree = "<group>"; };
		E6B85E932D6899AE00B453BA /* VelaSans-SemiBold.ttf */ = {isa = PBXFileReference; lastKnownFileType = file; path = "VelaSans-SemiBold.ttf"; sourceTree = "<group>"; };
		E6B85E952D6899AE00B453BA /* VelaSans-Bold.woff */ = {isa = PBXFileReference; lastKnownFileType = file; path = "VelaSans-Bold.woff"; sourceTree = "<group>"; };
		E6B85E962D6899AE00B453BA /* VelaSans-Bold.woff2 */ = {isa = PBXFileReference; lastKnownFileType = file; path = "VelaSans-Bold.woff2"; sourceTree = "<group>"; };
		E6B85E972D6899AE00B453BA /* VelaSans-ExtraBold.woff */ = {isa = PBXFileReference; lastKnownFileType = file; path = "VelaSans-ExtraBold.woff"; sourceTree = "<group>"; };
		E6B85E982D6899AE00B453BA /* VelaSans-ExtraBold.woff2 */ = {isa = PBXFileReference; lastKnownFileType = file; path = "VelaSans-ExtraBold.woff2"; sourceTree = "<group>"; };
		E6B85E992D6899AE00B453BA /* VelaSans-ExtraLight.woff */ = {isa = PBXFileReference; lastKnownFileType = file; path = "VelaSans-ExtraLight.woff"; sourceTree = "<group>"; };
		E6B85E9A2D6899AE00B453BA /* VelaSans-ExtraLight.woff2 */ = {isa = PBXFileReference; lastKnownFileType = file; path = "VelaSans-ExtraLight.woff2"; sourceTree = "<group>"; };
		E6B85E9B2D6899AE00B453BA /* VelaSans-Light.woff */ = {isa = PBXFileReference; lastKnownFileType = file; path = "VelaSans-Light.woff"; sourceTree = "<group>"; };
		E6B85E9C2D6899AE00B453BA /* VelaSans-Light.woff2 */ = {isa = PBXFileReference; lastKnownFileType = file; path = "VelaSans-Light.woff2"; sourceTree = "<group>"; };
		E6B85E9D2D6899AE00B453BA /* VelaSans-Medium.woff */ = {isa = PBXFileReference; lastKnownFileType = file; path = "VelaSans-Medium.woff"; sourceTree = "<group>"; };
		E6B85E9E2D6899AE00B453BA /* VelaSans-Medium.woff2 */ = {isa = PBXFileReference; lastKnownFileType = file; path = "VelaSans-Medium.woff2"; sourceTree = "<group>"; };
		E6B85E9F2D6899AE00B453BA /* VelaSans-Regular.woff */ = {isa = PBXFileReference; lastKnownFileType = file; path = "VelaSans-Regular.woff"; sourceTree = "<group>"; };
		E6B85EA02D6899AE00B453BA /* VelaSans-Regular.woff2 */ = {isa = PBXFileReference; lastKnownFileType = file; path = "VelaSans-Regular.woff2"; sourceTree = "<group>"; };
		E6B85EA12D6899AE00B453BA /* VelaSans-SemiBold.woff */ = {isa = PBXFileReference; lastKnownFileType = file; path = "VelaSans-SemiBold.woff"; sourceTree = "<group>"; };
		E6B85EA22D6899AE00B453BA /* VelaSans-SemiBold.woff2 */ = {isa = PBXFileReference; lastKnownFileType = file; path = "VelaSans-SemiBold.woff2"; sourceTree = "<group>"; };
		E6B85EA52D6899AE00B453BA /* VelaSans-GX.ttf */ = {isa = PBXFileReference; lastKnownFileType = file; path = "VelaSans-GX.ttf"; sourceTree = "<group>"; };
		E6B85EC72D68FA1A00B453BA /* CircularProgressView.swift */ = {isa = PBXFileReference; lastKnownFileType = sourcecode.swift; path = CircularProgressView.swift; sourceTree = "<group>"; };
		E6B85EC92D6A044A00B453BA /* MoodCardView.swift */ = {isa = PBXFileReference; lastKnownFileType = sourcecode.swift; path = MoodCardView.swift; sourceTree = "<group>"; };
		E6B85ED02D6A327400B453BA /* MainCoordinator.swift */ = {isa = PBXFileReference; lastKnownFileType = sourcecode.swift; path = MainCoordinator.swift; sourceTree = "<group>"; };
		E6B85ED22D6A32C000B453BA /* AddNoteCoordinator.swift */ = {isa = PBXFileReference; lastKnownFileType = sourcecode.swift; path = AddNoteCoordinator.swift; sourceTree = "<group>"; };
		E6B85ED42D6A32DB00B453BA /* StatisticsCoordinator.swift */ = {isa = PBXFileReference; lastKnownFileType = sourcecode.swift; path = StatisticsCoordinator.swift; sourceTree = "<group>"; };
		E6B85ED62D6A32ED00B453BA /* OptionsCoordinator.swift */ = {isa = PBXFileReference; lastKnownFileType = sourcecode.swift; path = OptionsCoordinator.swift; sourceTree = "<group>"; };
		E6B85ED82D6A330F00B453BA /* OptionsViewController.swift */ = {isa = PBXFileReference; lastKnownFileType = sourcecode.swift; path = OptionsViewController.swift; sourceTree = "<group>"; };
		E6B85EDA2D6A331800B453BA /* OptionsViewModel.swift */ = {isa = PBXFileReference; lastKnownFileType = sourcecode.swift; path = OptionsViewModel.swift; sourceTree = "<group>"; };
		E6B85EDC2D6A332C00B453BA /* StatisticsViewController.swift */ = {isa = PBXFileReference; lastKnownFileType = sourcecode.swift; path = StatisticsViewController.swift; sourceTree = "<group>"; };
		E6B85EDE2D6A333200B453BA /* StatisticsViewModel.swift */ = {isa = PBXFileReference; lastKnownFileType = sourcecode.swift; path = StatisticsViewModel.swift; sourceTree = "<group>"; };
		E6B85EE02D6A336000B453BA /* AddNoteViewController.swift */ = {isa = PBXFileReference; lastKnownFileType = sourcecode.swift; path = AddNoteViewController.swift; sourceTree = "<group>"; };
		E6B85EE22D6A336B00B453BA /* AddNoteViewModel.swift */ = {isa = PBXFileReference; lastKnownFileType = sourcecode.swift; path = AddNoteViewModel.swift; sourceTree = "<group>"; };
		E6B85EE42D6A337B00B453BA /* EmotionSelectionViewController.swift */ = {isa = PBXFileReference; lastKnownFileType = sourcecode.swift; path = EmotionSelectionViewController.swift; sourceTree = "<group>"; };
		E6B85EE62D6A338000B453BA /* EmotionSelectionViewModel.swift */ = {isa = PBXFileReference; lastKnownFileType = sourcecode.swift; path = EmotionSelectionViewModel.swift; sourceTree = "<group>"; };
		E6B85EE82D6B21D100B453BA /* EmotionSelectionCoordinator.swift */ = {isa = PBXFileReference; lastKnownFileType = sourcecode.swift; path = EmotionSelectionCoordinator.swift; sourceTree = "<group>"; };
		E6B85EEA2D6C460400B453BA /* EmotionSelectionView.swift */ = {isa = PBXFileReference; lastKnownFileType = sourcecode.swift; path = EmotionSelectionView.swift; sourceTree = "<group>"; };
		E6B85F392D6D944300B453BA /* CustomLargeButton.swift */ = {isa = PBXFileReference; lastKnownFileType = sourcecode.swift; path = CustomLargeButton.swift; sourceTree = "<group>"; };
		E6B85F3D2D6E28D700B453BA /* TagCell.swift */ = {isa = PBXFileReference; lastKnownFileType = sourcecode.swift; path = TagCell.swift; sourceTree = "<group>"; };
		E6B85F3F2D6E290900B453BA /* AddTagCell.swift */ = {isa = PBXFileReference; lastKnownFileType = sourcecode.swift; path = AddTagCell.swift; sourceTree = "<group>"; };
		E6B85F412D6E390200B453BA /* LeftAlignedFlowLayout.swift */ = {isa = PBXFileReference; lastKnownFileType = sourcecode.swift; path = LeftAlignedFlowLayout.swift; sourceTree = "<group>"; };
		E6EC26F42D74A2FD00D9900F /* WeekStatistics.swift */ = {isa = PBXFileReference; lastKnownFileType = sourcecode.swift; path = WeekStatistics.swift; sourceTree = "<group>"; };
		E6EC26F62D74A32300D9900F /* Note.swift */ = {isa = PBXFileReference; lastKnownFileType = sourcecode.swift; path = Note.swift; sourceTree = "<group>"; };
		E6EC26F92D74A77900D9900F /* EmotionCirclesView.swift */ = {isa = PBXFileReference; lastKnownFileType = sourcecode.swift; path = EmotionCirclesView.swift; sourceTree = "<group>"; };
		E6EC26FE2D74BCF500D9900F /* EmotionFrequency.swift */ = {isa = PBXFileReference; lastKnownFileType = sourcecode.swift; path = EmotionFrequency.swift; sourceTree = "<group>"; };
		E6EC27002D757E4500D9900F /* MoodEntry.swift */ = {isa = PBXFileReference; lastKnownFileType = sourcecode.swift; path = MoodEntry.swift; sourceTree = "<group>"; };
		E6EC27182D770FC100D9900F /* Section.swift */ = {isa = PBXFileReference; lastKnownFileType = sourcecode.swift; path = Section.swift; sourceTree = "<group>"; };
		E6EC27512D77A07B00D9900F /* MyWaveUITests.xctest */ = {isa = PBXFileReference; explicitFileType = wrapper.cfbundle; includeInIndex = 0; path = MyWaveUITests.xctest; sourceTree = BUILT_PRODUCTS_DIR; };
		E6EC27532D77A07B00D9900F /* MyWaveUITests.swift */ = {isa = PBXFileReference; lastKnownFileType = sourcecode.swift; path = MyWaveUITests.swift; sourceTree = "<group>"; };
		E6EC27552D77A07B00D9900F /* MyWaveUITestsLaunchTests.swift */ = {isa = PBXFileReference; lastKnownFileType = sourcecode.swift; path = MyWaveUITestsLaunchTests.swift; sourceTree = "<group>"; };
		E6EC275C2D77A0A400D9900F /* WelcomeScreenUITest.swift */ = {isa = PBXFileReference; lastKnownFileType = sourcecode.swift; path = WelcomeScreenUITest.swift; sourceTree = "<group>"; };
/* End PBXFileReference section */

/* Begin PBXFrameworksBuildPhase section */
		E6B85E092D68518E00B453BA /* Frameworks */ = {
			isa = PBXFrameworksBuildPhase;
			buildActionMask = 2147483647;
			files = (
				E6B85E662D6862A300B453BA /* SnapKit in Frameworks */,
			);
			runOnlyForDeploymentPostprocessing = 0;
		};
		E6EC274E2D77A07B00D9900F /* Frameworks */ = {
			isa = PBXFrameworksBuildPhase;
			buildActionMask = 2147483647;
			files = (
			);
			runOnlyForDeploymentPostprocessing = 0;
		};
/* End PBXFrameworksBuildPhase section */

/* Begin PBXGroup section */
		E65E28D02D70A4BF0043E296 /* Extensions */ = {
			isa = PBXGroup;
			children = (
				E65E28D12D70A4DA0043E296 /* String+Extensions.swift */,
			);
			path = Extensions;
			sourceTree = "<group>";
		};
		E65E28D52D718F2D0043E296 /* Sections */ = {
			isa = PBXGroup;
			children = (
				E6EC26F82D74A76400D9900F /* GeneralSection */,
				E6EC26FB2D74A79200D9900F /* ByDaySection */,
				E6EC26FC2D74A79F00D9900F /* FrequentSection */,
				E6EC26FD2D74A7A700D9900F /* MoodInDaySection */,
			);
			path = Sections;
			sourceTree = "<group>";
		};
		E6B85E032D68518D00B453BA = {
			isa = PBXGroup;
			children = (
				E6B85E0E2D68518E00B453BA /* MyWave */,
				E6EC27522D77A07B00D9900F /* MyWaveUITests */,
				E6B85E0D2D68518E00B453BA /* Products */,
			);
			sourceTree = "<group>";
		};
		E6B85E0D2D68518E00B453BA /* Products */ = {
			isa = PBXGroup;
			children = (
				E6B85E0C2D68518E00B453BA /* MyWave.app */,
				E6EC27512D77A07B00D9900F /* MyWaveUITests.xctest */,
			);
			name = Products;
			sourceTree = "<group>";
		};
		E6B85E0E2D68518E00B453BA /* MyWave */ = {
			isa = PBXGroup;
			children = (
				E65E28D02D70A4BF0043E296 /* Extensions */,
				E6B85E2B2D68573C00B453BA /* App */,
				E6B85E2D2D68575800B453BA /* Data */,
				E6B85E2C2D68575200B453BA /* Domain */,
				E6B85E2E2D68575C00B453BA /* Presentation */,
				E6B85E312D68579000B453BA /* Resources */,
			);
			path = MyWave;
			sourceTree = "<group>";
		};
		E6B85E232D6854E200B453BA /* Coordinators */ = {
			isa = PBXGroup;
			children = (
				E6B85E272D6855E100B453BA /* BaseCoordinator.swift */,
				E6B85E292D6855FA00B453BA /* AppCoordinator.swift */,
				E6B85E242D68557F00B453BA /* WelcomeCoordinator.swift */,
				E6B85ED02D6A327400B453BA /* MainCoordinator.swift */,
				E6B85E322D68586700B453BA /* JournalCoordinator.swift */,
				E6B85EE82D6B21D100B453BA /* EmotionSelectionCoordinator.swift */,
				E6B85ED22D6A32C000B453BA /* AddNoteCoordinator.swift */,
				E6B85ED42D6A32DB00B453BA /* StatisticsCoordinator.swift */,
				E6B85ED62D6A32ED00B453BA /* OptionsCoordinator.swift */,
			);
			path = Coordinators;
			sourceTree = "<group>";
		};
		E6B85E2B2D68573C00B453BA /* App */ = {
			isa = PBXGroup;
			children = (
				E6B85E112D68518E00B453BA /* SceneDelegate.swift */,
				E6B85E0F2D68518E00B453BA /* AppDelegate.swift */,
			);
			path = App;
			sourceTree = "<group>";
		};
		E6B85E2C2D68575200B453BA /* Domain */ = {
			isa = PBXGroup;
			children = (
				E6B85E3D2D685E5200B453BA /* Entities */,
				E6B85E3E2D685E5700B453BA /* UseCases */,
				E6B85E3F2D685E5C00B453BA /* Repositories */,
			);
			path = Domain;
			sourceTree = "<group>";
		};
		E6B85E2D2D68575800B453BA /* Data */ = {
			isa = PBXGroup;
			children = (
				E6B85E432D685E9200B453BA /* Repositories */,
				E6B85E422D685E8E00B453BA /* Models */,
				E6B85E412D685E8600B453BA /* Network */,
				E6B85E402D685E7A00B453BA /* Endpoints */,
			);
			path = Data;
			sourceTree = "<group>";
		};
		E6B85E2E2D68575C00B453BA /* Presentation */ = {
			isa = PBXGroup;
			children = (
				E6B85E3C2D685B1500B453BA /* Components */,
				E6B85E2F2D68576E00B453BA /* WelcomeScreen */,
				E6B85E302D68577500B453BA /* Main */,
				E6B85ECE2D6A28DC00B453BA /* StatisticsScreen */,
				E6B85ECF2D6A28EE00B453BA /* OptionsScreen */,
				E6B85E232D6854E200B453BA /* Coordinators */,
			);
			path = Presentation;
			sourceTree = "<group>";
		};
		E6B85E2F2D68576E00B453BA /* WelcomeScreen */ = {
			isa = PBXGroup;
			children = (
				E6B85E342D6858D100B453BA /* WelcomeViewController.swift */,
				E6B85E362D6858DD00B453BA /* WelcomeViewModel.swift */,
			);
			path = WelcomeScreen;
			sourceTree = "<group>";
		};
		E6B85E302D68577500B453BA /* Main */ = {
			isa = PBXGroup;
			children = (
				E6B85ECB2D6A289400B453BA /* JournalScreen */,
				E6B85ECC2D6A289F00B453BA /* EmotionSelectionScreen */,
				E6B85ECD2D6A28AE00B453BA /* AddNoteScreen */,
			);
			path = Main;
			sourceTree = "<group>";
		};
		E6B85E312D68579000B453BA /* Resources */ = {
			isa = PBXGroup;
			children = (
				E6B85E632D68620600B453BA /* Fonts */,
				E6B85E182D68518F00B453BA /* Assets.xcassets */,
				E6B85E1D2D68518F00B453BA /* Info.plist */,
				E6B85E1A2D68518F00B453BA /* LaunchScreen.storyboard */,
				E65E28CC2D70A1540043E296 /* Localizable.xcstrings */,
				E65E28CE2D70A3850043E296 /* LocalizedString.swift */,
			);
			path = Resources;
			sourceTree = "<group>";
		};
		E6B85E3C2D685B1500B453BA /* Components */ = {
			isa = PBXGroup;
			children = (
				E6B85EC92D6A044A00B453BA /* MoodCardView.swift */,
				E6B85E442D685F6E00B453BA /* AnimatedGradientView.swift */,
				E6B85E832D68985C00B453BA /* LoginAppleIdButton.swift */,
				E6B85EC72D68FA1A00B453BA /* CircularProgressView.swift */,
				E6B85EEA2D6C460400B453BA /* EmotionSelectionView.swift */,
				E6B85F392D6D944300B453BA /* CustomLargeButton.swift */,
				E6B85F3D2D6E28D700B453BA /* TagCell.swift */,
				E6B85F3F2D6E290900B453BA /* AddTagCell.swift */,
				E6B85F412D6E390200B453BA /* LeftAlignedFlowLayout.swift */,
				E65E28CA2D705B3E0043E296 /* SectionHeaderView.swift */,
				E65E28D32D70B4100043E296 /* ReminderView.swift */,
				E65E28EC2D71C6970043E296 /* WeekCell.swift */,
				E65E28EE2D71C9250043E296 /* VerticalPageControl.swift */,
			);
			path = Components;
			sourceTree = "<group>";
		};
		E6B85E3D2D685E5200B453BA /* Entities */ = {
			isa = PBXGroup;
			children = (
				E6EC26F42D74A2FD00D9900F /* WeekStatistics.swift */,
				E6EC26F62D74A32300D9900F /* Note.swift */,
				E6EC26FE2D74BCF500D9900F /* EmotionFrequency.swift */,
				E6EC27002D757E4500D9900F /* MoodEntry.swift */,
				E6EC27182D770FC100D9900F /* Section.swift */,
			);
			path = Entities;
			sourceTree = "<group>";
		};
		E6B85E3E2D685E5700B453BA /* UseCases */ = {
			isa = PBXGroup;
			children = (
			);
			path = UseCases;
			sourceTree = "<group>";
		};
		E6B85E3F2D685E5C00B453BA /* Repositories */ = {
			isa = PBXGroup;
			children = (
			);
			path = Repositories;
			sourceTree = "<group>";
		};
		E6B85E402D685E7A00B453BA /* Endpoints */ = {
			isa = PBXGroup;
			children = (
			);
			path = Endpoints;
			sourceTree = "<group>";
		};
		E6B85E412D685E8600B453BA /* Network */ = {
			isa = PBXGroup;
			children = (
			);
			path = Network;
			sourceTree = "<group>";
		};
		E6B85E422D685E8E00B453BA /* Models */ = {
			isa = PBXGroup;
			children = (
			);
			path = Models;
			sourceTree = "<group>";
		};
		E6B85E432D685E9200B453BA /* Repositories */ = {
			isa = PBXGroup;
			children = (
			);
			path = Repositories;
			sourceTree = "<group>";
		};
		E6B85E632D68620600B453BA /* Fonts */ = {
			isa = PBXGroup;
			children = (
				E6B85EA72D6899AE00B453BA /* VelaSans */,
				E6B85E6A2D68641A00B453BA /* Gwen-Trial-Black.otf */,
				E6B85E6B2D68641B00B453BA /* Gwen-Trial-Bold.otf */,
				E6B85E712D68641B00B453BA /* Gwen-Trial-Book.otf */,
				E6B85E6D2D68641B00B453BA /* Gwen-Trial-ExtraBold.otf */,
				E6B85E682D68641A00B453BA /* Gwen-Trial-Light.otf */,
				E6B85E742D68641B00B453BA /* Gwen-Trial-Regular.otf */,
				E6B85E6F2D68641B00B453BA /* Gwen-Trial-SemiBold.otf */,
				E6B85E692D68641A00B453BA /* GwenText-Trial-Black.otf */,
				E6B85E722D68641B00B453BA /* GwenText-Trial-Bold.otf */,
				E6B85E672D68641A00B453BA /* GwenText-Trial-Book.otf */,
				E6B85E702D68641B00B453BA /* GwenText-Trial-ExtraBold.otf */,
				E6B85E6C2D68641B00B453BA /* GwenText-Trial-Light.otf */,
				E6B85E732D68641B00B453BA /* GwenText-Trial-Regular.otf */,
				E6B85E6E2D68641B00B453BA /* GwenText-Trial-SemiBold.otf */,
			);
			name = Fonts;
			path = "../../../../../../Desktop/Shift_Pizza-develop/Shift_Pizza/Resources/Fonts";
			sourceTree = "<group>";
		};
		E6B85E8C2D6899AE00B453BA /* OTF */ = {
			isa = PBXGroup;
			children = (
				E6B85E852D6899AE00B453BA /* VelaSans-Bold.otf */,
				E6B85E862D6899AE00B453BA /* VelaSans-ExtraBold.otf */,
				E6B85E872D6899AE00B453BA /* VelaSans-ExtraLight.otf */,
				E6B85E882D6899AE00B453BA /* VelaSans-Light.otf */,
				E6B85E892D6899AE00B453BA /* VelaSans-Medium.otf */,
				E6B85E8A2D6899AE00B453BA /* VelaSans-Regular.otf */,
				E6B85E8B2D6899AE00B453BA /* VelaSans-SemiBold.otf */,
			);
			path = OTF;
			sourceTree = "<group>";
		};
		E6B85E942D6899AE00B453BA /* TTF */ = {
			isa = PBXGroup;
			children = (
				E6B85E8D2D6899AE00B453BA /* VelaSans-Bold.ttf */,
				E6B85E8E2D6899AE00B453BA /* VelaSans-ExtraBold.ttf */,
				E6B85E8F2D6899AE00B453BA /* VelaSans-ExtraLight.ttf */,
				E6B85E902D6899AE00B453BA /* VelaSans-Light.ttf */,
				E6B85E912D6899AE00B453BA /* VelaSans-Medium.ttf */,
				E6B85E922D6899AE00B453BA /* VelaSans-Regular.ttf */,
				E6B85E932D6899AE00B453BA /* VelaSans-SemiBold.ttf */,
			);
			path = TTF;
			sourceTree = "<group>";
		};
		E6B85EA32D6899AE00B453BA /* Web */ = {
			isa = PBXGroup;
			children = (
				E6B85E952D6899AE00B453BA /* VelaSans-Bold.woff */,
				E6B85E962D6899AE00B453BA /* VelaSans-Bold.woff2 */,
				E6B85E972D6899AE00B453BA /* VelaSans-ExtraBold.woff */,
				E6B85E982D6899AE00B453BA /* VelaSans-ExtraBold.woff2 */,
				E6B85E992D6899AE00B453BA /* VelaSans-ExtraLight.woff */,
				E6B85E9A2D6899AE00B453BA /* VelaSans-ExtraLight.woff2 */,
				E6B85E9B2D6899AE00B453BA /* VelaSans-Light.woff */,
				E6B85E9C2D6899AE00B453BA /* VelaSans-Light.woff2 */,
				E6B85E9D2D6899AE00B453BA /* VelaSans-Medium.woff */,
				E6B85E9E2D6899AE00B453BA /* VelaSans-Medium.woff2 */,
				E6B85E9F2D6899AE00B453BA /* VelaSans-Regular.woff */,
				E6B85EA02D6899AE00B453BA /* VelaSans-Regular.woff2 */,
				E6B85EA12D6899AE00B453BA /* VelaSans-SemiBold.woff */,
				E6B85EA22D6899AE00B453BA /* VelaSans-SemiBold.woff2 */,
			);
			path = Web;
			sourceTree = "<group>";
		};
		E6B85EA42D6899AE00B453BA /* Static */ = {
			isa = PBXGroup;
			children = (
				E6B85E8C2D6899AE00B453BA /* OTF */,
				E6B85E942D6899AE00B453BA /* TTF */,
				E6B85EA32D6899AE00B453BA /* Web */,
			);
			path = Static;
			sourceTree = "<group>";
		};
		E6B85EA62D6899AE00B453BA /* Variable */ = {
			isa = PBXGroup;
			children = (
				E6B85EA52D6899AE00B453BA /* VelaSans-GX.ttf */,
			);
			path = Variable;
			sourceTree = "<group>";
		};
		E6B85EA72D6899AE00B453BA /* VelaSans */ = {
			isa = PBXGroup;
			children = (
				E6B85EA42D6899AE00B453BA /* Static */,
				E6B85EA62D6899AE00B453BA /* Variable */,
			);
			path = VelaSans;
			sourceTree = "<group>";
		};
		E6B85ECB2D6A289400B453BA /* JournalScreen */ = {
			isa = PBXGroup;
			children = (
				E6B85E382D6858E800B453BA /* JournalViewController.swift */,
				E6B85E3A2D6858F300B453BA /* JournalViewModel.swift */,
			);
			path = JournalScreen;
			sourceTree = "<group>";
		};
		E6B85ECC2D6A289F00B453BA /* EmotionSelectionScreen */ = {
			isa = PBXGroup;
			children = (
				E6B85EE42D6A337B00B453BA /* EmotionSelectionViewController.swift */,
				E6B85EE62D6A338000B453BA /* EmotionSelectionViewModel.swift */,
			);
			path = EmotionSelectionScreen;
			sourceTree = "<group>";
		};
		E6B85ECD2D6A28AE00B453BA /* AddNoteScreen */ = {
			isa = PBXGroup;
			children = (
				E6B85EE02D6A336000B453BA /* AddNoteViewController.swift */,
				E6B85EE22D6A336B00B453BA /* AddNoteViewModel.swift */,
			);
			path = AddNoteScreen;
			sourceTree = "<group>";
		};
		E6B85ECE2D6A28DC00B453BA /* StatisticsScreen */ = {
			isa = PBXGroup;
			children = (
				E6B85EDC2D6A332C00B453BA /* StatisticsViewController.swift */,
				E6B85EDE2D6A333200B453BA /* StatisticsViewModel.swift */,
				E65E28D52D718F2D0043E296 /* Sections */,
			);
			path = StatisticsScreen;
			sourceTree = "<group>";
		};
		E6B85ECF2D6A28EE00B453BA /* OptionsScreen */ = {
			isa = PBXGroup;
			children = (
				E6B85ED82D6A330F00B453BA /* OptionsViewController.swift */,
				E6B85EDA2D6A331800B453BA /* OptionsViewModel.swift */,
			);
			path = OptionsScreen;
			sourceTree = "<group>";
		};
		E6EC26F82D74A76400D9900F /* GeneralSection */ = {
			isa = PBXGroup;
			children = (
				E65E28F02D736D250043E296 /* GeneralView.swift */,
				E6EC26F92D74A77900D9900F /* EmotionCirclesView.swift */,
			);
			path = GeneralSection;
			sourceTree = "<group>";
		};
		E6EC26FB2D74A79200D9900F /* ByDaySection */ = {
			isa = PBXGroup;
			children = (
				E65E28F22D736D420043E296 /* ByDayView.swift */,
			);
			path = ByDaySection;
			sourceTree = "<group>";
		};
		E6EC26FC2D74A79F00D9900F /* FrequentSection */ = {
			isa = PBXGroup;
			children = (
				E65E28F42D736D610043E296 /* FrequentView.swift */,
			);
			path = FrequentSection;
			sourceTree = "<group>";
		};
		E6EC26FD2D74A7A700D9900F /* MoodInDaySection */ = {
			isa = PBXGroup;
			children = (
				E65E28F62D736D720043E296 /* MoodInDayView.swift */,
			);
			path = MoodInDaySection;
			sourceTree = "<group>";
		};
		E6EC27522D77A07B00D9900F /* MyWaveUITests */ = {
			isa = PBXGroup;
			children = (
				E6EC27532D77A07B00D9900F /* MyWaveUITests.swift */,
				E6EC27552D77A07B00D9900F /* MyWaveUITestsLaunchTests.swift */,
				E6EC275C2D77A0A400D9900F /* WelcomeScreenUITest.swift */,
			);
			path = MyWaveUITests;
			sourceTree = "<group>";
		};
/* End PBXGroup section */

/* Begin PBXNativeTarget section */
		E6B85E0B2D68518E00B453BA /* MyWave */ = {
			isa = PBXNativeTarget;
			buildConfigurationList = E6B85E202D68518F00B453BA /* Build configuration list for PBXNativeTarget "MyWave" */;
			buildPhases = (
				E6B85E082D68518E00B453BA /* Sources */,
				E6B85E092D68518E00B453BA /* Frameworks */,
				E6B85E0A2D68518E00B453BA /* Resources */,
			);
			buildRules = (
			);
			dependencies = (
			);
			name = MyWave;
			packageProductDependencies = (
				E6B85E652D6862A300B453BA /* SnapKit */,
			);
			productName = MyWave;
			productReference = E6B85E0C2D68518E00B453BA /* MyWave.app */;
			productType = "com.apple.product-type.application";
		};
		E6EC27502D77A07B00D9900F /* MyWaveUITests */ = {
			isa = PBXNativeTarget;
			buildConfigurationList = E6EC275B2D77A07B00D9900F /* Build configuration list for PBXNativeTarget "MyWaveUITests" */;
			buildPhases = (
				E6EC274D2D77A07B00D9900F /* Sources */,
				E6EC274E2D77A07B00D9900F /* Frameworks */,
				E6EC274F2D77A07B00D9900F /* Resources */,
			);
			buildRules = (
			);
			dependencies = (
				E6EC27582D77A07B00D9900F /* PBXTargetDependency */,
			);
			name = MyWaveUITests;
			productName = MyWaveUITests;
			productReference = E6EC27512D77A07B00D9900F /* MyWaveUITests.xctest */;
			productType = "com.apple.product-type.bundle.ui-testing";
		};
/* End PBXNativeTarget section */

/* Begin PBXProject section */
		E6B85E042D68518D00B453BA /* Project object */ = {
			isa = PBXProject;
			attributes = {
				BuildIndependentTargetsInParallel = 1;
				LastSwiftUpdateCheck = 1540;
				LastUpgradeCheck = 1540;
				TargetAttributes = {
					E6B85E0B2D68518E00B453BA = {
						CreatedOnToolsVersion = 15.4;
					};
					E6EC27502D77A07B00D9900F = {
						CreatedOnToolsVersion = 15.4;
						TestTargetID = E6B85E0B2D68518E00B453BA;
					};
				};
			};
			buildConfigurationList = E6B85E072D68518D00B453BA /* Build configuration list for PBXProject "MyWave" */;
			compatibilityVersion = "Xcode 14.0";
			developmentRegion = en;
			hasScannedForEncodings = 0;
			knownRegions = (
				en,
				Base,
			);
			mainGroup = E6B85E032D68518D00B453BA;
			packageReferences = (
				E6B85E642D6862A300B453BA /* XCRemoteSwiftPackageReference "SnapKit" */,
			);
			productRefGroup = E6B85E0D2D68518E00B453BA /* Products */;
			projectDirPath = "";
			projectRoot = "";
			targets = (
				E6B85E0B2D68518E00B453BA /* MyWave */,
				E6EC27502D77A07B00D9900F /* MyWaveUITests */,
			);
		};
/* End PBXProject section */

/* Begin PBXResourcesBuildPhase section */
		E6B85E0A2D68518E00B453BA /* Resources */ = {
			isa = PBXResourcesBuildPhase;
			buildActionMask = 2147483647;
			files = (
				E6B85EA92D6899AE00B453BA /* VelaSans-ExtraBold.otf in Resources */,
				E6B85E7B2D68641B00B453BA /* Gwen-Trial-ExtraBold.otf in Resources */,
				E6B85EBF2D6899AE00B453BA /* VelaSans-Medium.woff2 in Resources */,
				E6B85E192D68518F00B453BA /* Assets.xcassets in Resources */,
				E6B85E812D68641B00B453BA /* GwenText-Trial-Regular.otf in Resources */,
				E6B85EBA2D6899AE00B453BA /* VelaSans-ExtraLight.woff in Resources */,
				E6B85EAC2D6899AE00B453BA /* VelaSans-Medium.otf in Resources */,
				E6B85E782D68641B00B453BA /* Gwen-Trial-Black.otf in Resources */,
				E6B85E7D2D68641B00B453BA /* Gwen-Trial-SemiBold.otf in Resources */,
				E6B85EB42D6899AE00B453BA /* VelaSans-Regular.ttf in Resources */,
				E6B85EBB2D6899AE00B453BA /* VelaSans-ExtraLight.woff2 in Resources */,
				E6B85EB12D6899AE00B453BA /* VelaSans-ExtraLight.ttf in Resources */,
				E6B85E772D68641B00B453BA /* GwenText-Trial-Black.otf in Resources */,
				E6B85EC22D6899AE00B453BA /* VelaSans-SemiBold.woff in Resources */,
				E6B85EC42D6899AE00B453BA /* VelaSans-GX.ttf in Resources */,
				E6B85EB52D6899AE00B453BA /* VelaSans-SemiBold.ttf in Resources */,
				E65E28CD2D70A1540043E296 /* Localizable.xcstrings in Resources */,
				E6B85EB22D6899AE00B453BA /* VelaSans-Light.ttf in Resources */,
				E6B85E822D68641B00B453BA /* Gwen-Trial-Regular.otf in Resources */,
				E6B85EB92D6899AE00B453BA /* VelaSans-ExtraBold.woff2 in Resources */,
				E6B85EAE2D6899AE00B453BA /* VelaSans-SemiBold.otf in Resources */,
				E6B85E7A2D68641B00B453BA /* GwenText-Trial-Light.otf in Resources */,
				E6B85EBD2D6899AE00B453BA /* VelaSans-Light.woff2 in Resources */,
				E6B85E1C2D68518F00B453BA /* Base in Resources */,
				E6B85EBE2D6899AE00B453BA /* VelaSans-Medium.woff in Resources */,
				E6B85EB72D6899AE00B453BA /* VelaSans-Bold.woff2 in Resources */,
				E6B85E762D68641B00B453BA /* Gwen-Trial-Light.otf in Resources */,
				E6B85E7E2D68641B00B453BA /* GwenText-Trial-ExtraBold.otf in Resources */,
				E6B85EC32D6899AE00B453BA /* VelaSans-SemiBold.woff2 in Resources */,
				E6B85E792D68641B00B453BA /* Gwen-Trial-Bold.otf in Resources */,
				E6B85EC12D6899AE00B453BA /* VelaSans-Regular.woff2 in Resources */,
				E6B85EBC2D6899AE00B453BA /* VelaSans-Light.woff in Resources */,
				E6B85EB82D6899AE00B453BA /* VelaSans-ExtraBold.woff in Resources */,
				E6B85E7F2D68641B00B453BA /* Gwen-Trial-Book.otf in Resources */,
				E6B85EB02D6899AE00B453BA /* VelaSans-ExtraBold.ttf in Resources */,
				E6B85EAF2D6899AE00B453BA /* VelaSans-Bold.ttf in Resources */,
				E6B85EAA2D6899AE00B453BA /* VelaSans-ExtraLight.otf in Resources */,
				E6B85E802D68641B00B453BA /* GwenText-Trial-Bold.otf in Resources */,
				E6B85EB32D6899AE00B453BA /* VelaSans-Medium.ttf in Resources */,
				E6B85EB62D6899AE00B453BA /* VelaSans-Bold.woff in Resources */,
				E6B85E752D68641B00B453BA /* GwenText-Trial-Book.otf in Resources */,
				E6B85E7C2D68641B00B453BA /* GwenText-Trial-SemiBold.otf in Resources */,
				E6B85EA82D6899AE00B453BA /* VelaSans-Bold.otf in Resources */,
				E6B85EC02D6899AE00B453BA /* VelaSans-Regular.woff in Resources */,
				E6B85EAB2D6899AE00B453BA /* VelaSans-Light.otf in Resources */,
				E6B85EAD2D6899AE00B453BA /* VelaSans-Regular.otf in Resources */,
			);
			runOnlyForDeploymentPostprocessing = 0;
		};
		E6EC274F2D77A07B00D9900F /* Resources */ = {
			isa = PBXResourcesBuildPhase;
			buildActionMask = 2147483647;
			files = (
			);
			runOnlyForDeploymentPostprocessing = 0;
		};
/* End PBXResourcesBuildPhase section */

/* Begin PBXSourcesBuildPhase section */
		E6B85E082D68518E00B453BA /* Sources */ = {
			isa = PBXSourcesBuildPhase;
			buildActionMask = 2147483647;
			files = (
				E6B85F3E2D6E28D700B453BA /* TagCell.swift in Sources */,
				E6B85E2A2D6855FA00B453BA /* AppCoordinator.swift in Sources */,
				E6B85ED72D6A32ED00B453BA /* OptionsCoordinator.swift in Sources */,
				E6B85ECA2D6A044A00B453BA /* MoodCardView.swift in Sources */,
				E6B85EE52D6A337B00B453BA /* EmotionSelectionViewController.swift in Sources */,
				E6B85E372D6858DD00B453BA /* WelcomeViewModel.swift in Sources */,
				E6B85E332D68586700B453BA /* JournalCoordinator.swift in Sources */,
				E6EC26F72D74A32300D9900F /* Note.swift in Sources */,
				E6B85E842D68985C00B453BA /* LoginAppleIdButton.swift in Sources */,
				E6B85EDD2D6A332C00B453BA /* StatisticsViewController.swift in Sources */,
				E6B85E282D6855E100B453BA /* BaseCoordinator.swift in Sources */,
				E6B85ED52D6A32DB00B453BA /* StatisticsCoordinator.swift in Sources */,
				E6B85F422D6E390200B453BA /* LeftAlignedFlowLayout.swift in Sources */,
				E6EC26FA2D74A77900D9900F /* EmotionCirclesView.swift in Sources */,
				E6B85ED32D6A32C000B453BA /* AddNoteCoordinator.swift in Sources */,
				E6B85E102D68518E00B453BA /* AppDelegate.swift in Sources */,
				E65E28F32D736D420043E296 /* ByDayView.swift in Sources */,
				E65E28D42D70B4100043E296 /* ReminderView.swift in Sources */,
				E6EC26FF2D74BCF500D9900F /* EmotionFrequency.swift in Sources */,
				E6B85E3B2D6858F300B453BA /* JournalViewModel.swift in Sources */,
				E6EC26F52D74A2FD00D9900F /* WeekStatistics.swift in Sources */,
				E65E28D22D70A4DA0043E296 /* String+Extensions.swift in Sources */,
				E6B85EEB2D6C460400B453BA /* EmotionSelectionView.swift in Sources */,
				E65E28F12D736D250043E296 /* GeneralView.swift in Sources */,
				E65E28CF2D70A3850043E296 /* LocalizedString.swift in Sources */,
				E6B85F402D6E290900B453BA /* AddTagCell.swift in Sources */,
				E6B85EE32D6A336B00B453BA /* AddNoteViewModel.swift in Sources */,
				E6B85F3A2D6D944300B453BA /* CustomLargeButton.swift in Sources */,
				E6B85E122D68518E00B453BA /* SceneDelegate.swift in Sources */,
				E6B85ED92D6A330F00B453BA /* OptionsViewController.swift in Sources */,
				E6B85E392D6858E800B453BA /* JournalViewController.swift in Sources */,
				E65E28F72D736D720043E296 /* MoodInDayView.swift in Sources */,
				E65E28CB2D705B3E0043E296 /* SectionHeaderView.swift in Sources */,
				E6B85EE72D6A338000B453BA /* EmotionSelectionViewModel.swift in Sources */,
				E65E28ED2D71C6970043E296 /* WeekCell.swift in Sources */,
				E6B85EDF2D6A333200B453BA /* StatisticsViewModel.swift in Sources */,
				E6B85EE12D6A336000B453BA /* AddNoteViewController.swift in Sources */,
				E65E28EF2D71C9250043E296 /* VerticalPageControl.swift in Sources */,
				E65E28F52D736D610043E296 /* FrequentView.swift in Sources */,
				E6B85E252D68557F00B453BA /* WelcomeCoordinator.swift in Sources */,
				E6B85EE92D6B21D100B453BA /* EmotionSelectionCoordinator.swift in Sources */,
				E6B85E452D685F6E00B453BA /* AnimatedGradientView.swift in Sources */,
				E6B85EC82D68FA1A00B453BA /* CircularProgressView.swift in Sources */,
				E6EC27012D757E4500D9900F /* MoodEntry.swift in Sources */,
				E6B85EDB2D6A331800B453BA /* OptionsViewModel.swift in Sources */,
				E6EC27192D770FC100D9900F /* Section.swift in Sources */,
				E6B85ED12D6A327400B453BA /* MainCoordinator.swift in Sources */,
				E6B85E352D6858D100B453BA /* WelcomeViewController.swift in Sources */,
			);
			runOnlyForDeploymentPostprocessing = 0;
		};
		E6EC274D2D77A07B00D9900F /* Sources */ = {
			isa = PBXSourcesBuildPhase;
			buildActionMask = 2147483647;
			files = (
				E6EC27542D77A07B00D9900F /* MyWaveUITests.swift in Sources */,
				E6EC275D2D77A0A400D9900F /* WelcomeScreenUITest.swift in Sources */,
				E6EC27562D77A07B00D9900F /* MyWaveUITestsLaunchTests.swift in Sources */,
			);
			runOnlyForDeploymentPostprocessing = 0;
		};
/* End PBXSourcesBuildPhase section */

/* Begin PBXTargetDependency section */
		E6EC27582D77A07B00D9900F /* PBXTargetDependency */ = {
			isa = PBXTargetDependency;
			target = E6B85E0B2D68518E00B453BA /* MyWave */;
			targetProxy = E6EC27572D77A07B00D9900F /* PBXContainerItemProxy */;
		};
/* End PBXTargetDependency section */

/* Begin PBXVariantGroup section */
		E6B85E1A2D68518F00B453BA /* LaunchScreen.storyboard */ = {
			isa = PBXVariantGroup;
			children = (
				E6B85E1B2D68518F00B453BA /* Base */,
			);
			name = LaunchScreen.storyboard;
			sourceTree = "<group>";
		};
/* End PBXVariantGroup section */

/* Begin XCBuildConfiguration section */
		E6B85E1E2D68518F00B453BA /* Debug */ = {
			isa = XCBuildConfiguration;
			buildSettings = {
				ALWAYS_SEARCH_USER_PATHS = NO;
				ASSETCATALOG_COMPILER_GENERATE_SWIFT_ASSET_SYMBOL_EXTENSIONS = YES;
				CLANG_ANALYZER_NONNULL = YES;
				CLANG_ANALYZER_NUMBER_OBJECT_CONVERSION = YES_AGGRESSIVE;
				CLANG_CXX_LANGUAGE_STANDARD = "gnu++20";
				CLANG_ENABLE_MODULES = YES;
				CLANG_ENABLE_OBJC_ARC = YES;
				CLANG_ENABLE_OBJC_WEAK = YES;
				CLANG_WARN_BLOCK_CAPTURE_AUTORELEASING = YES;
				CLANG_WARN_BOOL_CONVERSION = YES;
				CLANG_WARN_COMMA = YES;
				CLANG_WARN_CONSTANT_CONVERSION = YES;
				CLANG_WARN_DEPRECATED_OBJC_IMPLEMENTATIONS = YES;
				CLANG_WARN_DIRECT_OBJC_ISA_USAGE = YES_ERROR;
				CLANG_WARN_DOCUMENTATION_COMMENTS = YES;
				CLANG_WARN_EMPTY_BODY = YES;
				CLANG_WARN_ENUM_CONVERSION = YES;
				CLANG_WARN_INFINITE_RECURSION = YES;
				CLANG_WARN_INT_CONVERSION = YES;
				CLANG_WARN_NON_LITERAL_NULL_CONVERSION = YES;
				CLANG_WARN_OBJC_IMPLICIT_RETAIN_SELF = YES;
				CLANG_WARN_OBJC_LITERAL_CONVERSION = YES;
				CLANG_WARN_OBJC_ROOT_CLASS = YES_ERROR;
				CLANG_WARN_QUOTED_INCLUDE_IN_FRAMEWORK_HEADER = YES;
				CLANG_WARN_RANGE_LOOP_ANALYSIS = YES;
				CLANG_WARN_STRICT_PROTOTYPES = YES;
				CLANG_WARN_SUSPICIOUS_MOVE = YES;
				CLANG_WARN_UNGUARDED_AVAILABILITY = YES_AGGRESSIVE;
				CLANG_WARN_UNREACHABLE_CODE = YES;
				CLANG_WARN__DUPLICATE_METHOD_MATCH = YES;
				COPY_PHASE_STRIP = NO;
				DEBUG_INFORMATION_FORMAT = dwarf;
				ENABLE_STRICT_OBJC_MSGSEND = YES;
				ENABLE_TESTABILITY = YES;
				ENABLE_USER_SCRIPT_SANDBOXING = YES;
				GCC_C_LANGUAGE_STANDARD = gnu17;
				GCC_DYNAMIC_NO_PIC = NO;
				GCC_NO_COMMON_BLOCKS = YES;
				GCC_OPTIMIZATION_LEVEL = 0;
				GCC_PREPROCESSOR_DEFINITIONS = (
					"DEBUG=1",
					"$(inherited)",
				);
				GCC_WARN_64_TO_32_BIT_CONVERSION = YES;
				GCC_WARN_ABOUT_RETURN_TYPE = YES_ERROR;
				GCC_WARN_UNDECLARED_SELECTOR = YES;
				GCC_WARN_UNINITIALIZED_AUTOS = YES_AGGRESSIVE;
				GCC_WARN_UNUSED_FUNCTION = YES;
				GCC_WARN_UNUSED_VARIABLE = YES;
				IPHONEOS_DEPLOYMENT_TARGET = 17.5;
				LOCALIZATION_PREFERS_STRING_CATALOGS = YES;
				MTL_ENABLE_DEBUG_INFO = INCLUDE_SOURCE;
				MTL_FAST_MATH = YES;
				ONLY_ACTIVE_ARCH = YES;
				SDKROOT = iphoneos;
				SWIFT_ACTIVE_COMPILATION_CONDITIONS = "DEBUG $(inherited)";
				SWIFT_OPTIMIZATION_LEVEL = "-Onone";
			};
			name = Debug;
		};
		E6B85E1F2D68518F00B453BA /* Release */ = {
			isa = XCBuildConfiguration;
			buildSettings = {
				ALWAYS_SEARCH_USER_PATHS = NO;
				ASSETCATALOG_COMPILER_GENERATE_SWIFT_ASSET_SYMBOL_EXTENSIONS = YES;
				CLANG_ANALYZER_NONNULL = YES;
				CLANG_ANALYZER_NUMBER_OBJECT_CONVERSION = YES_AGGRESSIVE;
				CLANG_CXX_LANGUAGE_STANDARD = "gnu++20";
				CLANG_ENABLE_MODULES = YES;
				CLANG_ENABLE_OBJC_ARC = YES;
				CLANG_ENABLE_OBJC_WEAK = YES;
				CLANG_WARN_BLOCK_CAPTURE_AUTORELEASING = YES;
				CLANG_WARN_BOOL_CONVERSION = YES;
				CLANG_WARN_COMMA = YES;
				CLANG_WARN_CONSTANT_CONVERSION = YES;
				CLANG_WARN_DEPRECATED_OBJC_IMPLEMENTATIONS = YES;
				CLANG_WARN_DIRECT_OBJC_ISA_USAGE = YES_ERROR;
				CLANG_WARN_DOCUMENTATION_COMMENTS = YES;
				CLANG_WARN_EMPTY_BODY = YES;
				CLANG_WARN_ENUM_CONVERSION = YES;
				CLANG_WARN_INFINITE_RECURSION = YES;
				CLANG_WARN_INT_CONVERSION = YES;
				CLANG_WARN_NON_LITERAL_NULL_CONVERSION = YES;
				CLANG_WARN_OBJC_IMPLICIT_RETAIN_SELF = YES;
				CLANG_WARN_OBJC_LITERAL_CONVERSION = YES;
				CLANG_WARN_OBJC_ROOT_CLASS = YES_ERROR;
				CLANG_WARN_QUOTED_INCLUDE_IN_FRAMEWORK_HEADER = YES;
				CLANG_WARN_RANGE_LOOP_ANALYSIS = YES;
				CLANG_WARN_STRICT_PROTOTYPES = YES;
				CLANG_WARN_SUSPICIOUS_MOVE = YES;
				CLANG_WARN_UNGUARDED_AVAILABILITY = YES_AGGRESSIVE;
				CLANG_WARN_UNREACHABLE_CODE = YES;
				CLANG_WARN__DUPLICATE_METHOD_MATCH = YES;
				COPY_PHASE_STRIP = NO;
				DEBUG_INFORMATION_FORMAT = "dwarf-with-dsym";
				ENABLE_NS_ASSERTIONS = NO;
				ENABLE_STRICT_OBJC_MSGSEND = YES;
				ENABLE_USER_SCRIPT_SANDBOXING = YES;
				GCC_C_LANGUAGE_STANDARD = gnu17;
				GCC_NO_COMMON_BLOCKS = YES;
				GCC_WARN_64_TO_32_BIT_CONVERSION = YES;
				GCC_WARN_ABOUT_RETURN_TYPE = YES_ERROR;
				GCC_WARN_UNDECLARED_SELECTOR = YES;
				GCC_WARN_UNINITIALIZED_AUTOS = YES_AGGRESSIVE;
				GCC_WARN_UNUSED_FUNCTION = YES;
				GCC_WARN_UNUSED_VARIABLE = YES;
				IPHONEOS_DEPLOYMENT_TARGET = 17.5;
				LOCALIZATION_PREFERS_STRING_CATALOGS = YES;
				MTL_ENABLE_DEBUG_INFO = NO;
				MTL_FAST_MATH = YES;
				SDKROOT = iphoneos;
				SWIFT_COMPILATION_MODE = wholemodule;
				VALIDATE_PRODUCT = YES;
			};
			name = Release;
		};
		E6B85E212D68518F00B453BA /* Debug */ = {
			isa = XCBuildConfiguration;
			buildSettings = {
				ASSETCATALOG_COMPILER_APPICON_NAME = AppIcon;
				ASSETCATALOG_COMPILER_GLOBAL_ACCENT_COLOR_NAME = AccentColor;
				CODE_SIGN_STYLE = Automatic;
				CURRENT_PROJECT_VERSION = 1;
				DEVELOPMENT_TEAM = T77L9FD3JY;
				GENERATE_INFOPLIST_FILE = YES;
				INFOPLIST_FILE = MyWave/Resources/Info.plist;
				INFOPLIST_KEY_UIApplicationSupportsIndirectInputEvents = YES;
				INFOPLIST_KEY_UILaunchStoryboardName = LaunchScreen;
				INFOPLIST_KEY_UISupportedInterfaceOrientations = UIInterfaceOrientationPortrait;
				INFOPLIST_KEY_UISupportedInterfaceOrientations_iPad = "UIInterfaceOrientationPortrait UIInterfaceOrientationPortraitUpsideDown";
				LD_RUNPATH_SEARCH_PATHS = (
					"$(inherited)",
					"@executable_path/Frameworks",
				);
				MARKETING_VERSION = 1.0;
				PRODUCT_BUNDLE_IDENTIFIER = ru.icodelessons.MyWave;
				PRODUCT_NAME = "$(TARGET_NAME)";
				SWIFT_EMIT_LOC_STRINGS = YES;
				SWIFT_VERSION = 5.0;
				TARGETED_DEVICE_FAMILY = "1,2";
			};
			name = Debug;
		};
		E6B85E222D68518F00B453BA /* Release */ = {
			isa = XCBuildConfiguration;
			buildSettings = {
				ASSETCATALOG_COMPILER_APPICON_NAME = AppIcon;
				ASSETCATALOG_COMPILER_GLOBAL_ACCENT_COLOR_NAME = AccentColor;
				CODE_SIGN_STYLE = Automatic;
				CURRENT_PROJECT_VERSION = 1;
				DEVELOPMENT_TEAM = T77L9FD3JY;
				GENERATE_INFOPLIST_FILE = YES;
				INFOPLIST_FILE = MyWave/Resources/Info.plist;
				INFOPLIST_KEY_UIApplicationSupportsIndirectInputEvents = YES;
				INFOPLIST_KEY_UILaunchStoryboardName = LaunchScreen;
				INFOPLIST_KEY_UISupportedInterfaceOrientations = UIInterfaceOrientationPortrait;
				INFOPLIST_KEY_UISupportedInterfaceOrientations_iPad = "UIInterfaceOrientationPortrait UIInterfaceOrientationPortraitUpsideDown";
				LD_RUNPATH_SEARCH_PATHS = (
					"$(inherited)",
					"@executable_path/Frameworks",
				);
				MARKETING_VERSION = 1.0;
				PRODUCT_BUNDLE_IDENTIFIER = ru.icodelessons.MyWave;
				PRODUCT_NAME = "$(TARGET_NAME)";
				SWIFT_EMIT_LOC_STRINGS = YES;
				SWIFT_VERSION = 5.0;
				TARGETED_DEVICE_FAMILY = "1,2";
			};
			name = Release;
		};
		E6EC27592D77A07B00D9900F /* Debug */ = {
			isa = XCBuildConfiguration;
			buildSettings = {
				CODE_SIGN_STYLE = Automatic;
				CURRENT_PROJECT_VERSION = 1;
				DEVELOPMENT_TEAM = T77L9FD3JY;
				GENERATE_INFOPLIST_FILE = YES;
				MARKETING_VERSION = 1.0;
				PRODUCT_BUNDLE_IDENTIFIER = ru.icodelessons.MyWaveUITests;
				PRODUCT_NAME = "$(TARGET_NAME)";
				SWIFT_EMIT_LOC_STRINGS = NO;
				SWIFT_VERSION = 5.0;
				TARGETED_DEVICE_FAMILY = "1,2";
				TEST_TARGET_NAME = MyWave;
			};
			name = Debug;
		};
		E6EC275A2D77A07B00D9900F /* Release */ = {
			isa = XCBuildConfiguration;
			buildSettings = {
				CODE_SIGN_STYLE = Automatic;
				CURRENT_PROJECT_VERSION = 1;
				DEVELOPMENT_TEAM = T77L9FD3JY;
				GENERATE_INFOPLIST_FILE = YES;
				MARKETING_VERSION = 1.0;
				PRODUCT_BUNDLE_IDENTIFIER = ru.icodelessons.MyWaveUITests;
				PRODUCT_NAME = "$(TARGET_NAME)";
				SWIFT_EMIT_LOC_STRINGS = NO;
				SWIFT_VERSION = 5.0;
				TARGETED_DEVICE_FAMILY = "1,2";
				TEST_TARGET_NAME = MyWave;
			};
			name = Release;
		};
/* End XCBuildConfiguration section */

/* Begin XCConfigurationList section */
		E6B85E072D68518D00B453BA /* Build configuration list for PBXProject "MyWave" */ = {
			isa = XCConfigurationList;
			buildConfigurations = (
				E6B85E1E2D68518F00B453BA /* Debug */,
				E6B85E1F2D68518F00B453BA /* Release */,
			);
			defaultConfigurationIsVisible = 0;
			defaultConfigurationName = Release;
		};
		E6B85E202D68518F00B453BA /* Build configuration list for PBXNativeTarget "MyWave" */ = {
			isa = XCConfigurationList;
			buildConfigurations = (
				E6B85E212D68518F00B453BA /* Debug */,
				E6B85E222D68518F00B453BA /* Release */,
			);
			defaultConfigurationIsVisible = 0;
			defaultConfigurationName = Release;
		};
		E6EC275B2D77A07B00D9900F /* Build configuration list for PBXNativeTarget "MyWaveUITests" */ = {
			isa = XCConfigurationList;
			buildConfigurations = (
				E6EC27592D77A07B00D9900F /* Debug */,
				E6EC275A2D77A07B00D9900F /* Release */,
			);
			defaultConfigurationIsVisible = 0;
			defaultConfigurationName = Release;
		};
/* End XCConfigurationList section */

/* Begin XCRemoteSwiftPackageReference section */
		E6B85E642D6862A300B453BA /* XCRemoteSwiftPackageReference "SnapKit" */ = {
			isa = XCRemoteSwiftPackageReference;
			repositoryURL = "https://github.com/SnapKit/SnapKit";
			requirement = {
				kind = upToNextMajorVersion;
				minimumVersion = 5.7.1;
			};
		};
/* End XCRemoteSwiftPackageReference section */

/* Begin XCSwiftPackageProductDependency section */
		E6B85E652D6862A300B453BA /* SnapKit */ = {
			isa = XCSwiftPackageProductDependency;
			package = E6B85E642D6862A300B453BA /* XCRemoteSwiftPackageReference "SnapKit" */;
			productName = SnapKit;
		};
/* End XCSwiftPackageProductDependency section */
	};
	rootObject = E6B85E042D68518D00B453BA /* Project object */;
}
